
Microsoft Visual Studio Solution File, Format Version 12.00
# Visual Studio 15
VisualStudioVersion = 15.0.26730.3
MinimumVisualStudioVersion = 10.0.40219.1
Project("{9A19103F-16F7-4668-BE54-9A1E7A4F7556}") = "Thalus.Nuntiius.Core", "TraceBook\Thalus.Nuntiius.Core.csproj", "{2B4E413C-7A17-486E-898A-688F025FA35C}"
EndProject
Project("{9A19103F-16F7-4668-BE54-9A1E7A4F7556}") = "TraceBook.Externals", "TraceBook.Externals\TraceBook.Externals.csproj", "{99A438B9-C17D-485C-92B5-C6A825BEED9F}"
EndProject
Project("{9A19103F-16F7-4668-BE54-9A1E7A4F7556}") = "TraceBook.Sample", "TraceBook.Sample\TraceBook.Sample.csproj", "{D91A4DB7-5EA1-48C2-948C-2D774A25383B}"
EndProject
Global
	GlobalSection(SolutionConfigurationPlatforms) = preSolution
		Debug|Any CPU = Debug|Any CPU
		Release|Any CPU = Release|Any CPU
	EndGlobalSection
	GlobalSection(ProjectConfigurationPlatforms) = postSolution
		{2B4E413C-7A17-486E-898A-688F025FA35C}.Debug|Any CPU.ActiveCfg = Debug|Any CPU
		{2B4E413C-7A17-486E-898A-688F025FA35C}.Debug|Any CPU.Build.0 = Debug|Any CPU
		{2B4E413C-7A17-486E-898A-688F025FA35C}.Release|Any CPU.ActiveCfg = Release|Any CPU
		{2B4E413C-7A17-486E-898A-688F025FA35C}.Release|Any CPU.Build.0 = Release|Any CPU
		{99A438B9-C17D-485C-92B5-C6A825BEED9F}.Debug|Any CPU.ActiveCfg = Debug|Any CPU
		{99A438B9-C17D-485C-92B5-C6A825BEED9F}.Debug|Any CPU.Build.0 = Debug|Any CPU
		{99A438B9-C17D-485C-92B5-C6A825BEED9F}.Release|Any CPU.ActiveCfg = Release|Any CPU
		{99A438B9-C17D-485C-92B5-C6A825BEED9F}.Release|Any CPU.Build.0 = Release|Any CPU
		{D91A4DB7-5EA1-48C2-948C-2D774A25383B}.Debug|Any CPU.ActiveCfg = Debug|Any CPU
		{D91A4DB7-5EA1-48C2-948C-2D774A25383B}.Debug|Any CPU.Build.0 = Debug|Any CPU
		{D91A4DB7-5EA1-48C2-948C-2D774A25383B}.Release|Any CPU.ActiveCfg = Release|Any CPU
		{D91A4DB7-5EA1-48C2-948C-2D774A25383B}.Release|Any CPU.Build.0 = Release|Any CPU
	EndGlobalSection
	GlobalSection(SolutionProperties) = preSolution
		HideSolutionNode = FALSE
	EndGlobalSection
	GlobalSection(ExtensibilityGlobals) = postSolution
		SolutionGuid = {25D9250A-4F6C-4E4F-A6C6-2CF80D6F6CD1}
	EndGlobalSection
EndGlobal
